
Microsoft Visual Studio Solution File, Format Version 12.00
# Visual Studio 15
VisualStudioVersion = 15.0.28010.2026
MinimumVisualStudioVersion = 10.0.40219.1
Project("{2150E333-8FDC-42A3-9474-1A3956D46DE8}") = "src", "src", "{4042724D-C62F-4F87-BEAE-008C4B345DE6}"
EndProject
Project("{9A19103F-16F7-4668-BE54-9A1E7A4F7556}") = "NetCoreManifestPatcher", "NetCoreManifestPatcher\NetCoreManifestPatcher.csproj", "{20C767EA-550D-4963-BDC2-7F3FFCEAD814}"
EndProject
Global
	GlobalSection(SolutionConfigurationPlatforms) = preSolution
		Debug|Any CPU = Debug|Any CPU
		Release|Any CPU = Release|Any CPU
	EndGlobalSection
	GlobalSection(ProjectConfigurationPlatforms) = postSolution
		{20C767EA-550D-4963-BDC2-7F3FFCEAD814}.Debug|Any CPU.ActiveCfg = Debug|Any CPU
		{20C767EA-550D-4963-BDC2-7F3FFCEAD814}.Debug|Any CPU.Build.0 = Debug|Any CPU
		{20C767EA-550D-4963-BDC2-7F3FFCEAD814}.Release|Any CPU.ActiveCfg = Release|Any CPU
		{20C767EA-550D-4963-BDC2-7F3FFCEAD814}.Release|Any CPU.Build.0 = Release|Any CPU
	EndGlobalSection
	GlobalSection(SolutionProperties) = preSolution
		HideSolutionNode = FALSE
	EndGlobalSection
	GlobalSection(NestedProjects) = preSolution
		{20C767EA-550D-4963-BDC2-7F3FFCEAD814} = {4042724D-C62F-4F87-BEAE-008C4B345DE6}
	EndGlobalSection
	GlobalSection(ExtensibilityGlobals) = postSolution
		SolutionGuid = {0AAF34E4-E88E-495A-BF70-E44600279C43}
	EndGlobalSection
EndGlobal
