
Microsoft Visual Studio Solution File, Format Version 12.00
# Visual Studio 14
VisualStudioVersion = 14.0.25420.1
MinimumVisualStudioVersion = 10.0.40219.1
Project("{2150E333-8FDC-42A3-9474-1A3956D46DE8}") = "src", "src", "{4042724D-C62F-4F87-BEAE-008C4B345DE6}"
EndProject
Project("{2150E333-8FDC-42A3-9474-1A3956D46DE8}") = "Solution Items", "Solution Items", "{1A17AF3F-5665-4EF8-A29B-165EA64A2CEA}"
	ProjectSection(SolutionItems) = preProject
		global.json = global.json
	EndProjectSection
EndProject
Project("{8BB2217D-0F2D-49D1-97BC-3654ED321F3B}") = "NetCoreManifestPatcher", "src\NetCoreManifestPatcher\NetCoreManifestPatcher.xproj", "{20C767EA-550D-4963-BDC2-7F3FFCEAD814}"
EndProject
Global
	GlobalSection(SolutionConfigurationPlatforms) = preSolution
		Debug|Any CPU = Debug|Any CPU
		Release|Any CPU = Release|Any CPU
	EndGlobalSection
	GlobalSection(ProjectConfigurationPlatforms) = postSolution
		{20C767EA-550D-4963-BDC2-7F3FFCEAD814}.Debug|Any CPU.ActiveCfg = Debug|Any CPU
		{20C767EA-550D-4963-BDC2-7F3FFCEAD814}.Debug|Any CPU.Build.0 = Debug|Any CPU
		{20C767EA-550D-4963-BDC2-7F3FFCEAD814}.Release|Any CPU.ActiveCfg = Release|Any CPU
		{20C767EA-550D-4963-BDC2-7F3FFCEAD814}.Release|Any CPU.Build.0 = Release|Any CPU
	EndGlobalSection
	GlobalSection(SolutionProperties) = preSolution
		HideSolutionNode = FALSE
	EndGlobalSection
	GlobalSection(NestedProjects) = preSolution
		{20C767EA-550D-4963-BDC2-7F3FFCEAD814} = {4042724D-C62F-4F87-BEAE-008C4B345DE6}
	EndGlobalSection
EndGlobal
