
Microsoft Visual Studio Solution File, Format Version 12.00
# Visual Studio 14
VisualStudioVersion = 14.0.25420.1
MinimumVisualStudioVersion = 10.0.40219.1
Project("{FAE04EC0-301F-11D3-BF4B-00C04F79EFBC}") = "AWSPowerShell", "..\modules\AWSPowerShell\AWSPowerShell.csproj", "{241136F3-DE04-4AFD-A7F3-31E26B9D5C00}"
EndProject
Project("{8BB2217D-0F2D-49D1-97BC-3654ED321F3B}") = "AWSPowerShell.NetCore", "..\modules\AWSPowerShell\AWSPowerShell.NetCore.xproj", "{23F90C54-DC34-4F6A-A197-E891C10A8786}"
EndProject
Global
	GlobalSection(SolutionConfigurationPlatforms) = preSolution
		Debug|Any CPU = Debug|Any CPU
		Debug|Mixed Platforms = Debug|Mixed Platforms
		Debug|x86 = Debug|x86
		Release|Any CPU = Release|Any CPU
		Release|Mixed Platforms = Release|Mixed Platforms
		Release|x86 = Release|x86
	EndGlobalSection
	GlobalSection(ProjectConfigurationPlatforms) = postSolution
		{241136F3-DE04-4AFD-A7F3-31E26B9D5C00}.Debug|Any CPU.ActiveCfg = Debug|Any CPU
		{241136F3-DE04-4AFD-A7F3-31E26B9D5C00}.Debug|Any CPU.Build.0 = Debug|Any CPU
		{241136F3-DE04-4AFD-A7F3-31E26B9D5C00}.Debug|Mixed Platforms.ActiveCfg = Debug|Any CPU
		{241136F3-DE04-4AFD-A7F3-31E26B9D5C00}.Debug|Mixed Platforms.Build.0 = Debug|Any CPU
		{241136F3-DE04-4AFD-A7F3-31E26B9D5C00}.Debug|x86.ActiveCfg = Debug|Any CPU
		{241136F3-DE04-4AFD-A7F3-31E26B9D5C00}.Release|Any CPU.ActiveCfg = Release|Any CPU
		{241136F3-DE04-4AFD-A7F3-31E26B9D5C00}.Release|Any CPU.Build.0 = Release|Any CPU
		{241136F3-DE04-4AFD-A7F3-31E26B9D5C00}.Release|Mixed Platforms.ActiveCfg = Release|Any CPU
		{241136F3-DE04-4AFD-A7F3-31E26B9D5C00}.Release|Mixed Platforms.Build.0 = Release|Any CPU
		{241136F3-DE04-4AFD-A7F3-31E26B9D5C00}.Release|x86.ActiveCfg = Release|Any CPU
		{23F90C54-DC34-4F6A-A197-E891C10A8786}.Debug|Any CPU.ActiveCfg = Debug|Any CPU
		{23F90C54-DC34-4F6A-A197-E891C10A8786}.Debug|Any CPU.Build.0 = Debug|Any CPU
		{23F90C54-DC34-4F6A-A197-E891C10A8786}.Debug|Mixed Platforms.ActiveCfg = Debug|Any CPU
		{23F90C54-DC34-4F6A-A197-E891C10A8786}.Debug|Mixed Platforms.Build.0 = Debug|Any CPU
		{23F90C54-DC34-4F6A-A197-E891C10A8786}.Debug|x86.ActiveCfg = Debug|Any CPU
		{23F90C54-DC34-4F6A-A197-E891C10A8786}.Debug|x86.Build.0 = Debug|Any CPU
		{23F90C54-DC34-4F6A-A197-E891C10A8786}.Release|Any CPU.ActiveCfg = Release|Any CPU
		{23F90C54-DC34-4F6A-A197-E891C10A8786}.Release|Any CPU.Build.0 = Release|Any CPU
		{23F90C54-DC34-4F6A-A197-E891C10A8786}.Release|Mixed Platforms.ActiveCfg = Release|Any CPU
		{23F90C54-DC34-4F6A-A197-E891C10A8786}.Release|Mixed Platforms.Build.0 = Release|Any CPU
		{23F90C54-DC34-4F6A-A197-E891C10A8786}.Release|x86.ActiveCfg = Release|Any CPU
		{23F90C54-DC34-4F6A-A197-E891C10A8786}.Release|x86.Build.0 = Release|Any CPU
	EndGlobalSection
	GlobalSection(SolutionProperties) = preSolution
		HideSolutionNode = FALSE
	EndGlobalSection
EndGlobal
