
Microsoft Visual Studio Solution File, Format Version 12.00
# Visual Studio Version 17
VisualStudioVersion = 17.0.31903.59
MinimumVisualStudioVersion = 10.0.40219.1
Project("{FAE04EC0-301F-11D3-BF4B-00C04F79EFBC}") = "Common.Tests", "..\tests\dotnet\Common.Tests\Common.Tests.csproj", "{A06BC73A-7972-4810-ABD5-1BADB3F3917E}"
EndProject
Global
	GlobalSection(SolutionConfigurationPlatforms) = preSolution
		Debug|Any CPU = Debug|Any CPU
		Release|Any CPU = Release|Any CPU
	EndGlobalSection
	GlobalSection(SolutionProperties) = preSolution
		HideSolutionNode = FALSE
	EndGlobalSection
	GlobalSection(ProjectConfigurationPlatforms) = postSolution
		{A06BC73A-7972-4810-ABD5-1BADB3F3917E}.Debug|Any CPU.ActiveCfg = Debug|Any CPU
		{A06BC73A-7972-4810-ABD5-1BADB3F3917E}.Debug|Any CPU.Build.0 = Debug|Any CPU
		{A06BC73A-7972-4810-ABD5-1BADB3F3917E}.Release|Any CPU.ActiveCfg = Release|Any CPU
		{A06BC73A-7972-4810-ABD5-1BADB3F3917E}.Release|Any CPU.Build.0 = Release|Any CPU
	EndGlobalSection
EndGlobal
