
Microsoft Visual Studio Solution File, Format Version 12.00
# Visual Studio 15
VisualStudioVersion = 15.0.28307.572
MinimumVisualStudioVersion = 10.0.40219.1
Project("{9A19103F-16F7-4668-BE54-9A1E7A4F7556}") = "ReleaseNotesGenerator", "..\ReleaseNotesGenerator\ReleaseNotesGenerator.csproj", "{23106101-98D9-4344-82DB-C4ECC29CE8DD}"
EndProject
Global
	GlobalSection(SolutionConfigurationPlatforms) = preSolution
		Debug|Any CPU = Debug|Any CPU
		Release|Any CPU = Release|Any CPU
	EndGlobalSection
	GlobalSection(ProjectConfigurationPlatforms) = postSolution
		{23106101-98D9-4344-82DB-C4ECC29CE8DD}.Debug|Any CPU.ActiveCfg = Debug|Any CPU
		{23106101-98D9-4344-82DB-C4ECC29CE8DD}.Debug|Any CPU.Build.0 = Debug|Any CPU
		{23106101-98D9-4344-82DB-C4ECC29CE8DD}.Release|Any CPU.ActiveCfg = Release|Any CPU
		{23106101-98D9-4344-82DB-C4ECC29CE8DD}.Release|Any CPU.Build.0 = Release|Any CPU
	EndGlobalSection
	GlobalSection(SolutionProperties) = preSolution
		HideSolutionNode = FALSE
	EndGlobalSection
	GlobalSection(ExtensibilityGlobals) = postSolution
		SolutionGuid = {7B19626D-3C2D-4C50-965E-22EF5E09BB78}
	EndGlobalSection
EndGlobal
